
Microsoft Visual Studio Solution File, Format Version 12.00
# Visual Studio Version 17
VisualStudioVersion = 17.14.36221.1 d17.14
MinimumVisualStudioVersion = 10.0.40219.1
Project("{FAE04EC0-301F-11D3-BF4B-00C04F79EFBC}") = "FinancalCrm", "FinancalCrm.csproj", "{5733A92C-41B6-4184-AF6E-E4F589EDC784}"
EndProject
Global
	GlobalSection(SolutionConfigurationPlatforms) = preSolution
		Debug|Any CPU = Debug|Any CPU
		Release|Any CPU = Release|Any CPU
	EndGlobalSection
	GlobalSection(ProjectConfigurationPlatforms) = postSolution
		{5733A92C-41B6-4184-AF6E-E4F589EDC784}.Debug|Any CPU.ActiveCfg = Debug|Any CPU
		{5733A92C-41B6-4184-AF6E-E4F589EDC784}.Debug|Any CPU.Build.0 = Debug|Any CPU
		{5733A92C-41B6-4184-AF6E-E4F589EDC784}.Release|Any CPU.ActiveCfg = Release|Any CPU
		{5733A92C-41B6-4184-AF6E-E4F589EDC784}.Release|Any CPU.Build.0 = Release|Any CPU
	EndGlobalSection
	GlobalSection(SolutionProperties) = preSolution
		HideSolutionNode = FALSE
	EndGlobalSection
	GlobalSection(ExtensibilityGlobals) = postSolution
		SolutionGuid = {7035F0D2-04FE-484E-BB57-FDE120DFAA05}
	EndGlobalSection
EndGlobal
